
Microsoft Visual Studio Solution File, Format Version 12.00
# Visual Studio 15
VisualStudioVersion = 15.0.27004.2010
MinimumVisualStudioVersion = 10.0.40219.1
Project("{FAE04EC0-301F-11D3-BF4B-00C04F79EFBC}") = "SearchOnNavBarDemo.Android", "SearchOnNavBarDemo\SearchOnNavBarDemo.Android\SearchOnNavBarDemo.Android.csproj", "{73A30344-3794-46F6-8DF5-CA40F8A4B487}"
EndProject
Project("{FAE04EC0-301F-11D3-BF4B-00C04F79EFBC}") = "SearchOnNavBarDemo", "SearchOnNavBarDemo\SearchOnNavBarDemo\SearchOnNavBarDemo.csproj", "{8B088092-68BC-47B3-9033-DDA9FE4C42E7}"
EndProject
Project("{FAE04EC0-301F-11D3-BF4B-00C04F79EFBC}") = "SearchOnNavBarDemo.iOS", "SearchOnNavBarDemo\SearchOnNavBarDemo.iOS\SearchOnNavBarDemo.iOS.csproj", "{C5561C2A-028F-435F-89E2-77C272D20BA2}"
EndProject
Global
	GlobalSection(SolutionConfigurationPlatforms) = preSolution
		Ad-Hoc|Any CPU = Ad-Hoc|Any CPU
		Ad-Hoc|iPhone = Ad-Hoc|iPhone
		Ad-Hoc|iPhoneSimulator = Ad-Hoc|iPhoneSimulator
		AppStore|Any CPU = AppStore|Any CPU
		AppStore|iPhone = AppStore|iPhone
		AppStore|iPhoneSimulator = AppStore|iPhoneSimulator
		Debug|Any CPU = Debug|Any CPU
		Debug|iPhone = Debug|iPhone
		Debug|iPhoneSimulator = Debug|iPhoneSimulator
		Release|Any CPU = Release|Any CPU
		Release|iPhone = Release|iPhone
		Release|iPhoneSimulator = Release|iPhoneSimulator
	EndGlobalSection
	GlobalSection(ProjectConfigurationPlatforms) = postSolution
		{73A30344-3794-46F6-8DF5-CA40F8A4B487}.Ad-Hoc|Any CPU.ActiveCfg = Release|Any CPU
		{73A30344-3794-46F6-8DF5-CA40F8A4B487}.Ad-Hoc|Any CPU.Build.0 = Release|Any CPU
		{73A30344-3794-46F6-8DF5-CA40F8A4B487}.Ad-Hoc|Any CPU.Deploy.0 = Release|Any CPU
		{73A30344-3794-46F6-8DF5-CA40F8A4B487}.Ad-Hoc|iPhone.ActiveCfg = Release|Any CPU
		{73A30344-3794-46F6-8DF5-CA40F8A4B487}.Ad-Hoc|iPhone.Build.0 = Release|Any CPU
		{73A30344-3794-46F6-8DF5-CA40F8A4B487}.Ad-Hoc|iPhone.Deploy.0 = Release|Any CPU
		{73A30344-3794-46F6-8DF5-CA40F8A4B487}.Ad-Hoc|iPhoneSimulator.ActiveCfg = Release|Any CPU
		{73A30344-3794-46F6-8DF5-CA40F8A4B487}.Ad-Hoc|iPhoneSimulator.Build.0 = Release|Any CPU
		{73A30344-3794-46F6-8DF5-CA40F8A4B487}.Ad-Hoc|iPhoneSimulator.Deploy.0 = Release|Any CPU
		{73A30344-3794-46F6-8DF5-CA40F8A4B487}.AppStore|Any CPU.ActiveCfg = Release|Any CPU
		{73A30344-3794-46F6-8DF5-CA40F8A4B487}.AppStore|Any CPU.Build.0 = Release|Any CPU
		{73A30344-3794-46F6-8DF5-CA40F8A4B487}.AppStore|Any CPU.Deploy.0 = Release|Any CPU
		{73A30344-3794-46F6-8DF5-CA40F8A4B487}.AppStore|iPhone.ActiveCfg = Release|Any CPU
		{73A30344-3794-46F6-8DF5-CA40F8A4B487}.AppStore|iPhone.Build.0 = Release|Any CPU
		{73A30344-3794-46F6-8DF5-CA40F8A4B487}.AppStore|iPhone.Deploy.0 = Release|Any CPU
		{73A30344-3794-46F6-8DF5-CA40F8A4B487}.AppStore|iPhoneSimulator.ActiveCfg = Release|Any CPU
		{73A30344-3794-46F6-8DF5-CA40F8A4B487}.AppStore|iPhoneSimulator.Build.0 = Release|Any CPU
		{73A30344-3794-46F6-8DF5-CA40F8A4B487}.AppStore|iPhoneSimulator.Deploy.0 = Release|Any CPU
		{73A30344-3794-46F6-8DF5-CA40F8A4B487}.Debug|Any CPU.ActiveCfg = Debug|Any CPU
		{73A30344-3794-46F6-8DF5-CA40F8A4B487}.Debug|Any CPU.Build.0 = Debug|Any CPU
		{73A30344-3794-46F6-8DF5-CA40F8A4B487}.Debug|Any CPU.Deploy.0 = Debug|Any CPU
		{73A30344-3794-46F6-8DF5-CA40F8A4B487}.Debug|iPhone.ActiveCfg = Debug|Any CPU
		{73A30344-3794-46F6-8DF5-CA40F8A4B487}.Debug|iPhone.Build.0 = Debug|Any CPU
		{73A30344-3794-46F6-8DF5-CA40F8A4B487}.Debug|iPhone.Deploy.0 = Debug|Any CPU
		{73A30344-3794-46F6-8DF5-CA40F8A4B487}.Debug|iPhoneSimulator.ActiveCfg = Debug|Any CPU
		{73A30344-3794-46F6-8DF5-CA40F8A4B487}.Debug|iPhoneSimulator.Build.0 = Debug|Any CPU
		{73A30344-3794-46F6-8DF5-CA40F8A4B487}.Debug|iPhoneSimulator.Deploy.0 = Debug|Any CPU
		{73A30344-3794-46F6-8DF5-CA40F8A4B487}.Release|Any CPU.ActiveCfg = Release|Any CPU
		{73A30344-3794-46F6-8DF5-CA40F8A4B487}.Release|Any CPU.Build.0 = Release|Any CPU
		{73A30344-3794-46F6-8DF5-CA40F8A4B487}.Release|Any CPU.Deploy.0 = Release|Any CPU
		{73A30344-3794-46F6-8DF5-CA40F8A4B487}.Release|iPhone.ActiveCfg = Release|Any CPU
		{73A30344-3794-46F6-8DF5-CA40F8A4B487}.Release|iPhone.Build.0 = Release|Any CPU
		{73A30344-3794-46F6-8DF5-CA40F8A4B487}.Release|iPhone.Deploy.0 = Release|Any CPU
		{73A30344-3794-46F6-8DF5-CA40F8A4B487}.Release|iPhoneSimulator.ActiveCfg = Release|Any CPU
		{73A30344-3794-46F6-8DF5-CA40F8A4B487}.Release|iPhoneSimulator.Build.0 = Release|Any CPU
		{73A30344-3794-46F6-8DF5-CA40F8A4B487}.Release|iPhoneSimulator.Deploy.0 = Release|Any CPU
		{8B088092-68BC-47B3-9033-DDA9FE4C42E7}.Ad-Hoc|Any CPU.ActiveCfg = Release|Any CPU
		{8B088092-68BC-47B3-9033-DDA9FE4C42E7}.Ad-Hoc|Any CPU.Build.0 = Release|Any CPU
		{8B088092-68BC-47B3-9033-DDA9FE4C42E7}.Ad-Hoc|iPhone.ActiveCfg = Release|Any CPU
		{8B088092-68BC-47B3-9033-DDA9FE4C42E7}.Ad-Hoc|iPhone.Build.0 = Release|Any CPU
		{8B088092-68BC-47B3-9033-DDA9FE4C42E7}.Ad-Hoc|iPhoneSimulator.ActiveCfg = Release|Any CPU
		{8B088092-68BC-47B3-9033-DDA9FE4C42E7}.Ad-Hoc|iPhoneSimulator.Build.0 = Release|Any CPU
		{8B088092-68BC-47B3-9033-DDA9FE4C42E7}.AppStore|Any CPU.ActiveCfg = Release|Any CPU
		{8B088092-68BC-47B3-9033-DDA9FE4C42E7}.AppStore|Any CPU.Build.0 = Release|Any CPU
		{8B088092-68BC-47B3-9033-DDA9FE4C42E7}.AppStore|iPhone.ActiveCfg = Release|Any CPU
		{8B088092-68BC-47B3-9033-DDA9FE4C42E7}.AppStore|iPhone.Build.0 = Release|Any CPU
		{8B088092-68BC-47B3-9033-DDA9FE4C42E7}.AppStore|iPhoneSimulator.ActiveCfg = Release|Any CPU
		{8B088092-68BC-47B3-9033-DDA9FE4C42E7}.AppStore|iPhoneSimulator.Build.0 = Release|Any CPU
		{8B088092-68BC-47B3-9033-DDA9FE4C42E7}.Debug|Any CPU.ActiveCfg = Debug|Any CPU
		{8B088092-68BC-47B3-9033-DDA9FE4C42E7}.Debug|Any CPU.Build.0 = Debug|Any CPU
		{8B088092-68BC-47B3-9033-DDA9FE4C42E7}.Debug|iPhone.ActiveCfg = Debug|Any CPU
		{8B088092-68BC-47B3-9033-DDA9FE4C42E7}.Debug|iPhone.Build.0 = Debug|Any CPU
		{8B088092-68BC-47B3-9033-DDA9FE4C42E7}.Debug|iPhoneSimulator.ActiveCfg = Debug|Any CPU
		{8B088092-68BC-47B3-9033-DDA9FE4C42E7}.Debug|iPhoneSimulator.Build.0 = Debug|Any CPU
		{8B088092-68BC-47B3-9033-DDA9FE4C42E7}.Release|Any CPU.ActiveCfg = Release|Any CPU
		{8B088092-68BC-47B3-9033-DDA9FE4C42E7}.Release|Any CPU.Build.0 = Release|Any CPU
		{8B088092-68BC-47B3-9033-DDA9FE4C42E7}.Release|iPhone.ActiveCfg = Release|Any CPU
		{8B088092-68BC-47B3-9033-DDA9FE4C42E7}.Release|iPhone.Build.0 = Release|Any CPU
		{8B088092-68BC-47B3-9033-DDA9FE4C42E7}.Release|iPhoneSimulator.ActiveCfg = Release|Any CPU
		{8B088092-68BC-47B3-9033-DDA9FE4C42E7}.Release|iPhoneSimulator.Build.0 = Release|Any CPU
		{C5561C2A-028F-435F-89E2-77C272D20BA2}.Ad-Hoc|Any CPU.ActiveCfg = Ad-Hoc|iPhoneSimulator
		{C5561C2A-028F-435F-89E2-77C272D20BA2}.Ad-Hoc|iPhone.ActiveCfg = Ad-Hoc|iPhone
		{C5561C2A-028F-435F-89E2-77C272D20BA2}.Ad-Hoc|iPhone.Build.0 = Ad-Hoc|iPhone
		{C5561C2A-028F-435F-89E2-77C272D20BA2}.Ad-Hoc|iPhoneSimulator.ActiveCfg = Ad-Hoc|iPhoneSimulator
		{C5561C2A-028F-435F-89E2-77C272D20BA2}.Ad-Hoc|iPhoneSimulator.Build.0 = Ad-Hoc|iPhoneSimulator
		{C5561C2A-028F-435F-89E2-77C272D20BA2}.AppStore|Any CPU.ActiveCfg = AppStore|iPhoneSimulator
		{C5561C2A-028F-435F-89E2-77C272D20BA2}.AppStore|iPhone.ActiveCfg = AppStore|iPhone
		{C5561C2A-028F-435F-89E2-77C272D20BA2}.AppStore|iPhone.Build.0 = AppStore|iPhone
		{C5561C2A-028F-435F-89E2-77C272D20BA2}.AppStore|iPhoneSimulator.ActiveCfg = AppStore|iPhoneSimulator
		{C5561C2A-028F-435F-89E2-77C272D20BA2}.AppStore|iPhoneSimulator.Build.0 = AppStore|iPhoneSimulator
		{C5561C2A-028F-435F-89E2-77C272D20BA2}.Debug|Any CPU.ActiveCfg = Debug|iPhoneSimulator
		{C5561C2A-028F-435F-89E2-77C272D20BA2}.Debug|iPhone.ActiveCfg = Debug|iPhone
		{C5561C2A-028F-435F-89E2-77C272D20BA2}.Debug|iPhone.Build.0 = Debug|iPhone
		{C5561C2A-028F-435F-89E2-77C272D20BA2}.Debug|iPhoneSimulator.ActiveCfg = Debug|iPhoneSimulator
		{C5561C2A-028F-435F-89E2-77C272D20BA2}.Debug|iPhoneSimulator.Build.0 = Debug|iPhoneSimulator
		{C5561C2A-028F-435F-89E2-77C272D20BA2}.Release|Any CPU.ActiveCfg = Release|iPhoneSimulator
		{C5561C2A-028F-435F-89E2-77C272D20BA2}.Release|iPhone.ActiveCfg = Release|iPhone
		{C5561C2A-028F-435F-89E2-77C272D20BA2}.Release|iPhone.Build.0 = Release|iPhone
		{C5561C2A-028F-435F-89E2-77C272D20BA2}.Release|iPhoneSimulator.ActiveCfg = Release|iPhoneSimulator
		{C5561C2A-028F-435F-89E2-77C272D20BA2}.Release|iPhoneSimulator.Build.0 = Release|iPhoneSimulator
	EndGlobalSection
	GlobalSection(SolutionProperties) = preSolution
		HideSolutionNode = FALSE
	EndGlobalSection
	GlobalSection(ExtensibilityGlobals) = postSolution
		SolutionGuid = {C47A784C-FE31-43DC-9B15-81A1B9C76495}
	EndGlobalSection
EndGlobal
